
Microsoft Visual Studio Solution File, Format Version 12.00
# Visual Studio 15
VisualStudioVersion = 15.0.27703.2026
MinimumVisualStudioVersion = 10.0.40219.1
Project("{FAE04EC0-301F-11D3-BF4B-00C04F79EFBC}") = "App2.Android", "App2\App2.Android\App2.Android.csproj", "{660F2F6F-5DA1-409C-979F-050EC0F79C49}"
EndProject
Project("{FAE04EC0-301F-11D3-BF4B-00C04F79EFBC}") = "App2.iOS", "App2\App2.iOS\App2.iOS.csproj", "{C76368FB-365B-4B9B-BA1E-F486CF59581D}"
EndProject
Project("{FAE04EC0-301F-11D3-BF4B-00C04F79EFBC}") = "App2.UWP", "App2\App2.UWP\App2.UWP.csproj", "{82122000-1063-4743-AE0A-BE994AD93B7F}"
EndProject
Project("{FAE04EC0-301F-11D3-BF4B-00C04F79EFBC}") = "App2", "App2\App2\App2.csproj", "{AFB05561-3EDB-47FC-B5D6-25CDF790FE94}"
EndProject
Global
	GlobalSection(SolutionConfigurationPlatforms) = preSolution
		Debug|Any CPU = Debug|Any CPU
		Debug|ARM = Debug|ARM
		Debug|iPhone = Debug|iPhone
		Debug|iPhoneSimulator = Debug|iPhoneSimulator
		Debug|x64 = Debug|x64
		Debug|x86 = Debug|x86
		Release|Any CPU = Release|Any CPU
		Release|ARM = Release|ARM
		Release|iPhone = Release|iPhone
		Release|iPhoneSimulator = Release|iPhoneSimulator
		Release|x64 = Release|x64
		Release|x86 = Release|x86
	EndGlobalSection
	GlobalSection(ProjectConfigurationPlatforms) = postSolution
		{660F2F6F-5DA1-409C-979F-050EC0F79C49}.Debug|Any CPU.ActiveCfg = Debug|Any CPU
		{660F2F6F-5DA1-409C-979F-050EC0F79C49}.Debug|Any CPU.Build.0 = Debug|Any CPU
		{660F2F6F-5DA1-409C-979F-050EC0F79C49}.Debug|Any CPU.Deploy.0 = Debug|Any CPU
		{660F2F6F-5DA1-409C-979F-050EC0F79C49}.Debug|ARM.ActiveCfg = Debug|Any CPU
		{660F2F6F-5DA1-409C-979F-050EC0F79C49}.Debug|ARM.Build.0 = Debug|Any CPU
		{660F2F6F-5DA1-409C-979F-050EC0F79C49}.Debug|ARM.Deploy.0 = Debug|Any CPU
		{660F2F6F-5DA1-409C-979F-050EC0F79C49}.Debug|iPhone.ActiveCfg = Debug|Any CPU
		{660F2F6F-5DA1-409C-979F-050EC0F79C49}.Debug|iPhone.Build.0 = Debug|Any CPU
		{660F2F6F-5DA1-409C-979F-050EC0F79C49}.Debug|iPhone.Deploy.0 = Debug|Any CPU
		{660F2F6F-5DA1-409C-979F-050EC0F79C49}.Debug|iPhoneSimulator.ActiveCfg = Debug|Any CPU
		{660F2F6F-5DA1-409C-979F-050EC0F79C49}.Debug|iPhoneSimulator.Build.0 = Debug|Any CPU
		{660F2F6F-5DA1-409C-979F-050EC0F79C49}.Debug|iPhoneSimulator.Deploy.0 = Debug|Any CPU
		{660F2F6F-5DA1-409C-979F-050EC0F79C49}.Debug|x64.ActiveCfg = Debug|Any CPU
		{660F2F6F-5DA1-409C-979F-050EC0F79C49}.Debug|x64.Build.0 = Debug|Any CPU
		{660F2F6F-5DA1-409C-979F-050EC0F79C49}.Debug|x64.Deploy.0 = Debug|Any CPU
		{660F2F6F-5DA1-409C-979F-050EC0F79C49}.Debug|x86.ActiveCfg = Debug|Any CPU
		{660F2F6F-5DA1-409C-979F-050EC0F79C49}.Debug|x86.Build.0 = Debug|Any CPU
		{660F2F6F-5DA1-409C-979F-050EC0F79C49}.Debug|x86.Deploy.0 = Debug|Any CPU
		{660F2F6F-5DA1-409C-979F-050EC0F79C49}.Release|Any CPU.ActiveCfg = Release|Any CPU
		{660F2F6F-5DA1-409C-979F-050EC0F79C49}.Release|Any CPU.Build.0 = Release|Any CPU
		{660F2F6F-5DA1-409C-979F-050EC0F79C49}.Release|Any CPU.Deploy.0 = Release|Any CPU
		{660F2F6F-5DA1-409C-979F-050EC0F79C49}.Release|ARM.ActiveCfg = Release|Any CPU
		{660F2F6F-5DA1-409C-979F-050EC0F79C49}.Release|ARM.Build.0 = Release|Any CPU
		{660F2F6F-5DA1-409C-979F-050EC0F79C49}.Release|ARM.Deploy.0 = Release|Any CPU
		{660F2F6F-5DA1-409C-979F-050EC0F79C49}.Release|iPhone.ActiveCfg = Release|Any CPU
		{660F2F6F-5DA1-409C-979F-050EC0F79C49}.Release|iPhone.Build.0 = Release|Any CPU
		{660F2F6F-5DA1-409C-979F-050EC0F79C49}.Release|iPhone.Deploy.0 = Release|Any CPU
		{660F2F6F-5DA1-409C-979F-050EC0F79C49}.Release|iPhoneSimulator.ActiveCfg = Release|Any CPU
		{660F2F6F-5DA1-409C-979F-050EC0F79C49}.Release|iPhoneSimulator.Build.0 = Release|Any CPU
		{660F2F6F-5DA1-409C-979F-050EC0F79C49}.Release|iPhoneSimulator.Deploy.0 = Release|Any CPU
		{660F2F6F-5DA1-409C-979F-050EC0F79C49}.Release|x64.ActiveCfg = Release|Any CPU
		{660F2F6F-5DA1-409C-979F-050EC0F79C49}.Release|x64.Build.0 = Release|Any CPU
		{660F2F6F-5DA1-409C-979F-050EC0F79C49}.Release|x64.Deploy.0 = Release|Any CPU
		{660F2F6F-5DA1-409C-979F-050EC0F79C49}.Release|x86.ActiveCfg = Release|Any CPU
		{660F2F6F-5DA1-409C-979F-050EC0F79C49}.Release|x86.Build.0 = Release|Any CPU
		{660F2F6F-5DA1-409C-979F-050EC0F79C49}.Release|x86.Deploy.0 = Release|Any CPU
		{C76368FB-365B-4B9B-BA1E-F486CF59581D}.Debug|Any CPU.ActiveCfg = Debug|iPhoneSimulator
		{C76368FB-365B-4B9B-BA1E-F486CF59581D}.Debug|Any CPU.Build.0 = Debug|iPhoneSimulator
		{C76368FB-365B-4B9B-BA1E-F486CF59581D}.Debug|Any CPU.Deploy.0 = Debug|iPhoneSimulator
		{C76368FB-365B-4B9B-BA1E-F486CF59581D}.Debug|ARM.ActiveCfg = Debug|iPhone
		{C76368FB-365B-4B9B-BA1E-F486CF59581D}.Debug|ARM.Build.0 = Debug|iPhone
		{C76368FB-365B-4B9B-BA1E-F486CF59581D}.Debug|ARM.Deploy.0 = Debug|iPhone
		{C76368FB-365B-4B9B-BA1E-F486CF59581D}.Debug|iPhone.ActiveCfg = Debug|iPhone
		{C76368FB-365B-4B9B-BA1E-F486CF59581D}.Debug|iPhone.Build.0 = Debug|iPhone
		{C76368FB-365B-4B9B-BA1E-F486CF59581D}.Debug|iPhone.Deploy.0 = Debug|iPhone
		{C76368FB-365B-4B9B-BA1E-F486CF59581D}.Debug|iPhoneSimulator.ActiveCfg = Debug|iPhoneSimulator
		{C76368FB-365B-4B9B-BA1E-F486CF59581D}.Debug|iPhoneSimulator.Build.0 = Debug|iPhoneSimulator
		{C76368FB-365B-4B9B-BA1E-F486CF59581D}.Debug|iPhoneSimulator.Deploy.0 = Debug|iPhoneSimulator
		{C76368FB-365B-4B9B-BA1E-F486CF59581D}.Debug|x64.ActiveCfg = Debug|iPhone
		{C76368FB-365B-4B9B-BA1E-F486CF59581D}.Debug|x64.Build.0 = Debug|iPhone
		{C76368FB-365B-4B9B-BA1E-F486CF59581D}.Debug|x64.Deploy.0 = Debug|iPhone
		{C76368FB-365B-4B9B-BA1E-F486CF59581D}.Debug|x86.ActiveCfg = Debug|iPhone
		{C76368FB-365B-4B9B-BA1E-F486CF59581D}.Debug|x86.Build.0 = Debug|iPhone
		{C76368FB-365B-4B9B-BA1E-F486CF59581D}.Debug|x86.Deploy.0 = Debug|iPhone
		{C76368FB-365B-4B9B-BA1E-F486CF59581D}.Release|Any CPU.ActiveCfg = Release|iPhone
		{C76368FB-365B-4B9B-BA1E-F486CF59581D}.Release|Any CPU.Build.0 = Release|iPhone
		{C76368FB-365B-4B9B-BA1E-F486CF59581D}.Release|Any CPU.Deploy.0 = Release|iPhone
		{C76368FB-365B-4B9B-BA1E-F486CF59581D}.Release|ARM.ActiveCfg = Release|iPhone
		{C76368FB-365B-4B9B-BA1E-F486CF59581D}.Release|ARM.Build.0 = Release|iPhone
		{C76368FB-365B-4B9B-BA1E-F486CF59581D}.Release|ARM.Deploy.0 = Release|iPhone
		{C76368FB-365B-4B9B-BA1E-F486CF59581D}.Release|iPhone.ActiveCfg = Release|iPhone
		{C76368FB-365B-4B9B-BA1E-F486CF59581D}.Release|iPhone.Build.0 = Release|iPhone
		{C76368FB-365B-4B9B-BA1E-F486CF59581D}.Release|iPhone.Deploy.0 = Release|iPhone
		{C76368FB-365B-4B9B-BA1E-F486CF59581D}.Release|iPhoneSimulator.ActiveCfg = Release|iPhoneSimulator
		{C76368FB-365B-4B9B-BA1E-F486CF59581D}.Release|iPhoneSimulator.Build.0 = Release|iPhoneSimulator
		{C76368FB-365B-4B9B-BA1E-F486CF59581D}.Release|iPhoneSimulator.Deploy.0 = Release|iPhoneSimulator
		{C76368FB-365B-4B9B-BA1E-F486CF59581D}.Release|x64.ActiveCfg = Release|iPhone
		{C76368FB-365B-4B9B-BA1E-F486CF59581D}.Release|x64.Build.0 = Release|iPhone
		{C76368FB-365B-4B9B-BA1E-F486CF59581D}.Release|x64.Deploy.0 = Release|iPhone
		{C76368FB-365B-4B9B-BA1E-F486CF59581D}.Release|x86.ActiveCfg = Release|iPhone
		{C76368FB-365B-4B9B-BA1E-F486CF59581D}.Release|x86.Build.0 = Release|iPhone
		{C76368FB-365B-4B9B-BA1E-F486CF59581D}.Release|x86.Deploy.0 = Release|iPhone
		{82122000-1063-4743-AE0A-BE994AD93B7F}.Debug|Any CPU.ActiveCfg = Debug|x86
		{82122000-1063-4743-AE0A-BE994AD93B7F}.Debug|Any CPU.Build.0 = Debug|x86
		{82122000-1063-4743-AE0A-BE994AD93B7F}.Debug|Any CPU.Deploy.0 = Debug|x86
		{82122000-1063-4743-AE0A-BE994AD93B7F}.Debug|ARM.ActiveCfg = Debug|ARM
		{82122000-1063-4743-AE0A-BE994AD93B7F}.Debug|ARM.Build.0 = Debug|ARM
		{82122000-1063-4743-AE0A-BE994AD93B7F}.Debug|ARM.Deploy.0 = Debug|ARM
		{82122000-1063-4743-AE0A-BE994AD93B7F}.Debug|iPhone.ActiveCfg = Debug|x86
		{82122000-1063-4743-AE0A-BE994AD93B7F}.Debug|iPhone.Build.0 = Debug|x86
		{82122000-1063-4743-AE0A-BE994AD93B7F}.Debug|iPhone.Deploy.0 = Debug|x86
		{82122000-1063-4743-AE0A-BE994AD93B7F}.Debug|iPhoneSimulator.ActiveCfg = Debug|x86
		{82122000-1063-4743-AE0A-BE994AD93B7F}.Debug|iPhoneSimulator.Build.0 = Debug|x86
		{82122000-1063-4743-AE0A-BE994AD93B7F}.Debug|iPhoneSimulator.Deploy.0 = Debug|x86
		{82122000-1063-4743-AE0A-BE994AD93B7F}.Debug|x64.ActiveCfg = Debug|x64
		{82122000-1063-4743-AE0A-BE994AD93B7F}.Debug|x64.Build.0 = Debug|x64
		{82122000-1063-4743-AE0A-BE994AD93B7F}.Debug|x64.Deploy.0 = Debug|x64
		{82122000-1063-4743-AE0A-BE994AD93B7F}.Debug|x86.ActiveCfg = Debug|x86
		{82122000-1063-4743-AE0A-BE994AD93B7F}.Debug|x86.Build.0 = Debug|x86
		{82122000-1063-4743-AE0A-BE994AD93B7F}.Debug|x86.Deploy.0 = Debug|x86
		{82122000-1063-4743-AE0A-BE994AD93B7F}.Release|Any CPU.ActiveCfg = Release|x86
		{82122000-1063-4743-AE0A-BE994AD93B7F}.Release|Any CPU.Build.0 = Release|x86
		{82122000-1063-4743-AE0A-BE994AD93B7F}.Release|Any CPU.Deploy.0 = Release|x86
		{82122000-1063-4743-AE0A-BE994AD93B7F}.Release|ARM.ActiveCfg = Release|ARM
		{82122000-1063-4743-AE0A-BE994AD93B7F}.Release|ARM.Build.0 = Release|ARM
		{82122000-1063-4743-AE0A-BE994AD93B7F}.Release|ARM.Deploy.0 = Release|ARM
		{82122000-1063-4743-AE0A-BE994AD93B7F}.Release|iPhone.ActiveCfg = Release|x86
		{82122000-1063-4743-AE0A-BE994AD93B7F}.Release|iPhone.Build.0 = Release|x86
		{82122000-1063-4743-AE0A-BE994AD93B7F}.Release|iPhone.Deploy.0 = Release|x86
		{82122000-1063-4743-AE0A-BE994AD93B7F}.Release|iPhoneSimulator.ActiveCfg = Release|x86
		{82122000-1063-4743-AE0A-BE994AD93B7F}.Release|iPhoneSimulator.Build.0 = Release|x86
		{82122000-1063-4743-AE0A-BE994AD93B7F}.Release|iPhoneSimulator.Deploy.0 = Release|x86
		{82122000-1063-4743-AE0A-BE994AD93B7F}.Release|x64.ActiveCfg = Release|x64
		{82122000-1063-4743-AE0A-BE994AD93B7F}.Release|x64.Build.0 = Release|x64
		{82122000-1063-4743-AE0A-BE994AD93B7F}.Release|x64.Deploy.0 = Release|x64
		{82122000-1063-4743-AE0A-BE994AD93B7F}.Release|x86.ActiveCfg = Release|x86
		{82122000-1063-4743-AE0A-BE994AD93B7F}.Release|x86.Build.0 = Release|x86
		{82122000-1063-4743-AE0A-BE994AD93B7F}.Release|x86.Deploy.0 = Release|x86
		{AFB05561-3EDB-47FC-B5D6-25CDF790FE94}.Debug|Any CPU.ActiveCfg = Debug|Any CPU
		{AFB05561-3EDB-47FC-B5D6-25CDF790FE94}.Debug|Any CPU.Build.0 = Debug|Any CPU
		{AFB05561-3EDB-47FC-B5D6-25CDF790FE94}.Debug|Any CPU.Deploy.0 = Debug|Any CPU
		{AFB05561-3EDB-47FC-B5D6-25CDF790FE94}.Debug|ARM.ActiveCfg = Debug|Any CPU
		{AFB05561-3EDB-47FC-B5D6-25CDF790FE94}.Debug|ARM.Build.0 = Debug|Any CPU
		{AFB05561-3EDB-47FC-B5D6-25CDF790FE94}.Debug|ARM.Deploy.0 = Debug|Any CPU
		{AFB05561-3EDB-47FC-B5D6-25CDF790FE94}.Debug|iPhone.ActiveCfg = Debug|Any CPU
		{AFB05561-3EDB-47FC-B5D6-25CDF790FE94}.Debug|iPhone.Build.0 = Debug|Any CPU
		{AFB05561-3EDB-47FC-B5D6-25CDF790FE94}.Debug|iPhone.Deploy.0 = Debug|Any CPU
		{AFB05561-3EDB-47FC-B5D6-25CDF790FE94}.Debug|iPhoneSimulator.ActiveCfg = Debug|Any CPU
		{AFB05561-3EDB-47FC-B5D6-25CDF790FE94}.Debug|iPhoneSimulator.Build.0 = Debug|Any CPU
		{AFB05561-3EDB-47FC-B5D6-25CDF790FE94}.Debug|iPhoneSimulator.Deploy.0 = Debug|Any CPU
		{AFB05561-3EDB-47FC-B5D6-25CDF790FE94}.Debug|x64.ActiveCfg = Debug|Any CPU
		{AFB05561-3EDB-47FC-B5D6-25CDF790FE94}.Debug|x64.Build.0 = Debug|Any CPU
		{AFB05561-3EDB-47FC-B5D6-25CDF790FE94}.Debug|x64.Deploy.0 = Debug|Any CPU
		{AFB05561-3EDB-47FC-B5D6-25CDF790FE94}.Debug|x86.ActiveCfg = Debug|Any CPU
		{AFB05561-3EDB-47FC-B5D6-25CDF790FE94}.Debug|x86.Build.0 = Debug|Any CPU
		{AFB05561-3EDB-47FC-B5D6-25CDF790FE94}.Debug|x86.Deploy.0 = Debug|Any CPU
		{AFB05561-3EDB-47FC-B5D6-25CDF790FE94}.Release|Any CPU.ActiveCfg = Release|Any CPU
		{AFB05561-3EDB-47FC-B5D6-25CDF790FE94}.Release|Any CPU.Build.0 = Release|Any CPU
		{AFB05561-3EDB-47FC-B5D6-25CDF790FE94}.Release|Any CPU.Deploy.0 = Release|Any CPU
		{AFB05561-3EDB-47FC-B5D6-25CDF790FE94}.Release|ARM.ActiveCfg = Release|Any CPU
		{AFB05561-3EDB-47FC-B5D6-25CDF790FE94}.Release|ARM.Build.0 = Release|Any CPU
		{AFB05561-3EDB-47FC-B5D6-25CDF790FE94}.Release|ARM.Deploy.0 = Release|Any CPU
		{AFB05561-3EDB-47FC-B5D6-25CDF790FE94}.Release|iPhone.ActiveCfg = Release|Any CPU
		{AFB05561-3EDB-47FC-B5D6-25CDF790FE94}.Release|iPhone.Build.0 = Release|Any CPU
		{AFB05561-3EDB-47FC-B5D6-25CDF790FE94}.Release|iPhone.Deploy.0 = Release|Any CPU
		{AFB05561-3EDB-47FC-B5D6-25CDF790FE94}.Release|iPhoneSimulator.ActiveCfg = Release|Any CPU
		{AFB05561-3EDB-47FC-B5D6-25CDF790FE94}.Release|iPhoneSimulator.Build.0 = Release|Any CPU
		{AFB05561-3EDB-47FC-B5D6-25CDF790FE94}.Release|iPhoneSimulator.Deploy.0 = Release|Any CPU
		{AFB05561-3EDB-47FC-B5D6-25CDF790FE94}.Release|x64.ActiveCfg = Release|Any CPU
		{AFB05561-3EDB-47FC-B5D6-25CDF790FE94}.Release|x64.Build.0 = Release|Any CPU
		{AFB05561-3EDB-47FC-B5D6-25CDF790FE94}.Release|x64.Deploy.0 = Release|Any CPU
		{AFB05561-3EDB-47FC-B5D6-25CDF790FE94}.Release|x86.ActiveCfg = Release|Any CPU
		{AFB05561-3EDB-47FC-B5D6-25CDF790FE94}.Release|x86.Build.0 = Release|Any CPU
		{AFB05561-3EDB-47FC-B5D6-25CDF790FE94}.Release|x86.Deploy.0 = Release|Any CPU
	EndGlobalSection
	GlobalSection(SolutionProperties) = preSolution
		HideSolutionNode = FALSE
	EndGlobalSection
	GlobalSection(ExtensibilityGlobals) = postSolution
		SolutionGuid = {64E13FB2-1B86-4F58-B838-D20F316DC2AA}
	EndGlobalSection
EndGlobal
